
Microsoft Visual Studio Solution File, Format Version 12.00
# Visual Studio 2013
VisualStudioVersion = 12.0.21005.1
MinimumVisualStudioVersion = 10.0.40219.1
Project("{FAE04EC0-301F-11D3-BF4B-00C04F79EFBC}") = "ServicioMultas", "ServicioMultas\ServicioMultas.csproj", "{A903E971-C428-4F1B-8FD4-B9507EA83388}"
EndProject
Project("{FAE04EC0-301F-11D3-BF4B-00C04F79EFBC}") = "ServidorMultas", "ServidorMultas\ServidorMultas.csproj", "{E4C2C34F-4E77-415E-AA08-3F497FA3204D}"
EndProject
Project("{FAE04EC0-301F-11D3-BF4B-00C04F79EFBC}") = "ClienteMultas", "ClienteMultas\ClienteMultas.csproj", "{23C31702-AC43-40FA-A65F-027591745F03}"
EndProject
Global
	GlobalSection(SolutionConfigurationPlatforms) = preSolution
		Debug|Any CPU = Debug|Any CPU
		Release|Any CPU = Release|Any CPU
	EndGlobalSection
	GlobalSection(ProjectConfigurationPlatforms) = postSolution
		{A903E971-C428-4F1B-8FD4-B9507EA83388}.Debug|Any CPU.ActiveCfg = Debug|Any CPU
		{A903E971-C428-4F1B-8FD4-B9507EA83388}.Debug|Any CPU.Build.0 = Debug|Any CPU
		{A903E971-C428-4F1B-8FD4-B9507EA83388}.Release|Any CPU.ActiveCfg = Release|Any CPU
		{A903E971-C428-4F1B-8FD4-B9507EA83388}.Release|Any CPU.Build.0 = Release|Any CPU
		{E4C2C34F-4E77-415E-AA08-3F497FA3204D}.Debug|Any CPU.ActiveCfg = Debug|Any CPU
		{E4C2C34F-4E77-415E-AA08-3F497FA3204D}.Debug|Any CPU.Build.0 = Debug|Any CPU
		{E4C2C34F-4E77-415E-AA08-3F497FA3204D}.Release|Any CPU.ActiveCfg = Release|Any CPU
		{E4C2C34F-4E77-415E-AA08-3F497FA3204D}.Release|Any CPU.Build.0 = Release|Any CPU
		{23C31702-AC43-40FA-A65F-027591745F03}.Debug|Any CPU.ActiveCfg = Debug|Any CPU
		{23C31702-AC43-40FA-A65F-027591745F03}.Debug|Any CPU.Build.0 = Debug|Any CPU
		{23C31702-AC43-40FA-A65F-027591745F03}.Release|Any CPU.ActiveCfg = Release|Any CPU
		{23C31702-AC43-40FA-A65F-027591745F03}.Release|Any CPU.Build.0 = Release|Any CPU
	EndGlobalSection
	GlobalSection(SolutionProperties) = preSolution
		HideSolutionNode = FALSE
	EndGlobalSection
EndGlobal
